
Microsoft Visual Studio Solution File, Format Version 12.00
# Visual Studio 15
VisualStudioVersion = 15.0.26730.12
MinimumVisualStudioVersion = 10.0.40219.1
Project("{FAE04EC0-301F-11D3-BF4B-00C04F79EFBC}") = "GLNLabelPrint", "GLNLabelPrint\GLNLabelPrint.csproj", "{28012C57-B9BF-421B-996F-E420312CAD24}"
EndProject
Project("{FAE04EC0-301F-11D3-BF4B-00C04F79EFBC}") = "AndroidHUD", "AndHUD\AndroidHUD.csproj", "{021AA4E4-9082-411F-9F4B-90AF672CA6EF}"
EndProject
Global
	GlobalSection(SolutionConfigurationPlatforms) = preSolution
		Debug|Any CPU = Debug|Any CPU
		Release|Any CPU = Release|Any CPU
	EndGlobalSection
	GlobalSection(ProjectConfigurationPlatforms) = postSolution
		{28012C57-B9BF-421B-996F-E420312CAD24}.Debug|Any CPU.ActiveCfg = Debug|Any CPU
		{28012C57-B9BF-421B-996F-E420312CAD24}.Debug|Any CPU.Build.0 = Debug|Any CPU
		{28012C57-B9BF-421B-996F-E420312CAD24}.Debug|Any CPU.Deploy.0 = Debug|Any CPU
		{28012C57-B9BF-421B-996F-E420312CAD24}.Release|Any CPU.ActiveCfg = Release|Any CPU
		{28012C57-B9BF-421B-996F-E420312CAD24}.Release|Any CPU.Build.0 = Release|Any CPU
		{28012C57-B9BF-421B-996F-E420312CAD24}.Release|Any CPU.Deploy.0 = Release|Any CPU
		{021AA4E4-9082-411F-9F4B-90AF672CA6EF}.Debug|Any CPU.ActiveCfg = Debug|Any CPU
		{021AA4E4-9082-411F-9F4B-90AF672CA6EF}.Debug|Any CPU.Build.0 = Debug|Any CPU
		{021AA4E4-9082-411F-9F4B-90AF672CA6EF}.Release|Any CPU.ActiveCfg = Release|Any CPU
		{021AA4E4-9082-411F-9F4B-90AF672CA6EF}.Release|Any CPU.Build.0 = Release|Any CPU
	EndGlobalSection
	GlobalSection(SolutionProperties) = preSolution
		HideSolutionNode = FALSE
	EndGlobalSection
	GlobalSection(ExtensibilityGlobals) = postSolution
		SolutionGuid = {A69B9F39-187B-459F-A829-940A27055FB2}
	EndGlobalSection
EndGlobal
